schema: '2.0'
stages:
  load_data:
    cmd: python src/load_data.py --config=params.yaml
    deps:
    - path: data_given/Admission_Prediction.csv
      md5: eaaed7f53b5ef73c9af8e05babc19feb
      size: 16085
    - path: src/get_data.py
      md5: db7730736da9e3274083bc90eccf7000
      size: 656
    - path: src/load_data.py
      md5: e976b1dd3f7d8538e1f394f08a6dfc45
      size: 653
    outs:
    - path: data/raw/Admission_Prediction.csv
      md5: 1f034b82d2bbc5302aa8a75b3e2f028d
      size: 19634
